
Microsoft Visual Studio Solution File, Format Version 12.00
# Visual Studio Version 17
VisualStudioVersion = 17.12.35527.113 d17.12
MinimumVisualStudioVersion = 10.0.40219.1
Project("{FAE04EC0-301F-11D3-BF4B-00C04F79EFBC}") = "PavoWebsiteAPI", "PavoWebsiteAPI.csproj", "{1F491960-F8D9-494E-8031-D58C51C06E14}"
EndProject
Global
	GlobalSection(SolutionConfigurationPlatforms) = preSolution
		Debug|Any CPU = Debug|Any CPU
		Release|Any CPU = Release|Any CPU
	EndGlobalSection
	GlobalSection(ProjectConfigurationPlatforms) = postSolution
		{1F491960-F8D9-494E-8031-D58C51C06E14}.Debug|Any CPU.ActiveCfg = Debug|Any CPU
		{1F491960-F8D9-494E-8031-D58C51C06E14}.Debug|Any CPU.Build.0 = Debug|Any CPU
		{1F491960-F8D9-494E-8031-D58C51C06E14}.Release|Any CPU.ActiveCfg = Release|Any CPU
		{1F491960-F8D9-494E-8031-D58C51C06E14}.Release|Any CPU.Build.0 = Release|Any CPU
	EndGlobalSection
	GlobalSection(SolutionProperties) = preSolution
		HideSolutionNode = FALSE
	EndGlobalSection
EndGlobal
